
Microsoft Visual Studio Solution File, Format Version 12.00
# Visual Studio 15
VisualStudioVersion = 15.0.28307.1267
MinimumVisualStudioVersion = 10.0.40219.1
Project("{FAE04EC0-301F-11D3-BF4B-00C04F79EFBC}") = "PortalDocPat", "PortalDocPat\PortalDocPat.csproj", "{A913FE33-001A-48AD-B24E-6E161941FBA1}"
EndProject
Global
	GlobalSection(SolutionConfigurationPlatforms) = preSolution
		Debug|Any CPU = Debug|Any CPU
		Release|Any CPU = Release|Any CPU
	EndGlobalSection
	GlobalSection(ProjectConfigurationPlatforms) = postSolution
		{A913FE33-001A-48AD-B24E-6E161941FBA1}.Debug|Any CPU.ActiveCfg = Debug|Any CPU
		{A913FE33-001A-48AD-B24E-6E161941FBA1}.Debug|Any CPU.Build.0 = Debug|Any CPU
		{A913FE33-001A-48AD-B24E-6E161941FBA1}.Release|Any CPU.ActiveCfg = Release|Any CPU
		{A913FE33-001A-48AD-B24E-6E161941FBA1}.Release|Any CPU.Build.0 = Release|Any CPU
	EndGlobalSection
	GlobalSection(SolutionProperties) = preSolution
		HideSolutionNode = FALSE
	EndGlobalSection
	GlobalSection(ExtensibilityGlobals) = postSolution
		SolutionGuid = {82BEDBE4-9DA0-4C8C-A7DD-B2E1D492010D}
	EndGlobalSection
EndGlobal
